
Microsoft Visual Studio Solution File, Format Version 12.00
# Visual Studio Version 17
VisualStudioVersion = 17.13.35806.99
MinimumVisualStudioVersion = 10.0.40219.1
Project("{FAE04EC0-301F-11D3-BF4B-00C04F79EFBC}") = "WpfObjectDetection", "WpfObjectDetection.csproj", "{4BADE87B-8AA5-47BE-AF36-62BC3985FDFA}"
EndProject
Global
	GlobalSection(SolutionConfigurationPlatforms) = preSolution
		Debug|Any CPU = Debug|Any CPU
		Debug|x64 = Debug|x64
		Release|Any CPU = Release|Any CPU
		Release|x64 = Release|x64
	EndGlobalSection
	GlobalSection(ProjectConfigurationPlatforms) = postSolution
		{4BADE87B-8AA5-47BE-AF36-62BC3985FDFA}.Debug|Any CPU.ActiveCfg = Debug|Any CPU
		{4BADE87B-8AA5-47BE-AF36-62BC3985FDFA}.Debug|Any CPU.Build.0 = Debug|Any CPU
		{4BADE87B-8AA5-47BE-AF36-62BC3985FDFA}.Debug|x64.ActiveCfg = Debug|x64
		{4BADE87B-8AA5-47BE-AF36-62BC3985FDFA}.Debug|x64.Build.0 = Debug|x64
		{4BADE87B-8AA5-47BE-AF36-62BC3985FDFA}.Release|Any CPU.ActiveCfg = Release|Any CPU
		{4BADE87B-8AA5-47BE-AF36-62BC3985FDFA}.Release|Any CPU.Build.0 = Release|Any CPU
		{4BADE87B-8AA5-47BE-AF36-62BC3985FDFA}.Release|x64.ActiveCfg = Release|x64
		{4BADE87B-8AA5-47BE-AF36-62BC3985FDFA}.Release|x64.Build.0 = Release|x64
	EndGlobalSection
	GlobalSection(SolutionProperties) = preSolution
		HideSolutionNode = FALSE
	EndGlobalSection
	GlobalSection(ExtensibilityGlobals) = postSolution
		SolutionGuid = {CB48F0CA-E8B2-4932-81F3-DC83AF9D03E5}
	EndGlobalSection
EndGlobal
